
Microsoft Visual Studio Solution File, Format Version 12.00
# Visual Studio 2012
Project("{f2a71f9b-5d33-465a-a702-920d77279786}") = "LabsParser", "LabsParser\LabsParser.fsproj", "{9B11AC78-6620-465B-A4EC-4486B7F574C5}"
EndProject
Project("{f2a71f9b-5d33-465a-a702-920d77279786}") = "LabsCore", "LabsCore\LabsCore.fsproj", "{4FD59A99-873E-45FD-A63D-3B3D65300A93}"
EndProject
Project("{f2a71f9b-5d33-465a-a702-920d77279786}") = "LabsTranslate", "LabsTranslate\LabsTranslate.fsproj", "{56941FAC-BEEB-4221-8334-06967D3145CA}"
EndProject
Global
	GlobalSection(SolutionConfigurationPlatforms) = preSolution
		Debug|Any CPU = Debug|Any CPU
		Release|Any CPU = Release|Any CPU
	EndGlobalSection
	GlobalSection(ProjectConfigurationPlatforms) = postSolution
		{9B11AC78-6620-465B-A4EC-4486B7F574C5}.Debug|Any CPU.ActiveCfg = Debug|Any CPU
		{9B11AC78-6620-465B-A4EC-4486B7F574C5}.Debug|Any CPU.Build.0 = Debug|Any CPU
		{9B11AC78-6620-465B-A4EC-4486B7F574C5}.Release|Any CPU.ActiveCfg = Release|Any CPU
		{9B11AC78-6620-465B-A4EC-4486B7F574C5}.Release|Any CPU.Build.0 = Release|Any CPU
		{4FD59A99-873E-45FD-A63D-3B3D65300A93}.Debug|Any CPU.ActiveCfg = Debug|Any CPU
		{4FD59A99-873E-45FD-A63D-3B3D65300A93}.Debug|Any CPU.Build.0 = Debug|Any CPU
		{4FD59A99-873E-45FD-A63D-3B3D65300A93}.Release|Any CPU.ActiveCfg = Release|Any CPU
		{4FD59A99-873E-45FD-A63D-3B3D65300A93}.Release|Any CPU.Build.0 = Release|Any CPU
		{56941FAC-BEEB-4221-8334-06967D3145CA}.Debug|Any CPU.ActiveCfg = Debug|Any CPU
		{56941FAC-BEEB-4221-8334-06967D3145CA}.Debug|Any CPU.Build.0 = Debug|Any CPU
		{56941FAC-BEEB-4221-8334-06967D3145CA}.Release|Any CPU.ActiveCfg = Release|Any CPU
		{56941FAC-BEEB-4221-8334-06967D3145CA}.Release|Any CPU.Build.0 = Release|Any CPU
	EndGlobalSection
EndGlobal
